// !$*UTF8*$!
{
	archiveVersion = 1;
	classes = {
	};
	objectVersion = 46;
	objects = {

/* Begin PBXBuildFile section */
		B1ADE8BE1F42D43900CFD1B8 /* main.m in Sources */ = {isa = PBXBuildFile; fileRef = B1ADE8BD1F42D43900CFD1B8 /* main.m */; };
		B1ADE8C11F42D43900CFD1B8 /* AppDelegate.m in Sources */ = {isa = PBXBuildFile; fileRef = B1ADE8C01F42D43900CFD1B8 /* AppDelegate.m */; };
		B1ADE8C41F42D43900CFD1B8 /* ViewController.m in Sources */ = {isa = PBXBuildFile; fileRef = B1ADE8C31F42D43900CFD1B8 /* ViewController.m */; };
		B1ADE8C71F42D43900CFD1B8 /* Main.storyboard in Resources */ = {isa = PBXBuildFile; fileRef = B1ADE8C51F42D43900CFD1B8 /* Main.storyboard */; };
		B1ADE8C91F42D43900CFD1B8 /* Assets.xcassets in Resources */ = {isa = PBXBuildFile; fileRef = B1ADE8C81F42D43900CFD1B8 /* Assets.xcassets */; };
		B1ADE8CC1F42D43900CFD1B8 /* LaunchScreen.storyboard in Resources */ = {isa = PBXBuildFile; fileRef = B1ADE8CA1F42D43900CFD1B8 /* LaunchScreen.storyboard */; };
		B1ADE8D71F42D43900CFD1B8 /* BusTests.m in Sources */ = {isa = PBXBuildFile; fileRef = B1ADE8D61F42D43900CFD1B8 /* BusTests.m */; };
		B1ADE8E21F42D43A00CFD1B8 /* BusUITests.m in Sources */ = {isa = PBXBuildFile; fileRef = B1ADE8E11F42D43A00CFD1B8 /* BusUITests.m */; };
		B1ADE8F91F42D52E00CFD1B8 /* LDBusMediator.m in Sources */ = {isa = PBXBuildFile; fileRef = B1ADE8F21F42D52E00CFD1B8 /* LDBusMediator.m */; };
		B1ADE8FA1F42D52E00CFD1B8 /* LDBusMediatorTipViewController.m in Sources */ = {isa = PBXBuildFile; fileRef = B1ADE8F41F42D52E00CFD1B8 /* LDBusMediatorTipViewController.m */; };
		B1ADE8FB1F42D52E00CFD1B8 /* LDBusNavigator.m in Sources */ = {isa = PBXBuildFile; fileRef = B1ADE8F61F42D52E00CFD1B8 /* LDBusNavigator.m */; };
		B1ADE8FC1F42D52E00CFD1B8 /* UIViewController+NavigationTip.m in Sources */ = {isa = PBXBuildFile; fileRef = B1ADE8F81F42D52E00CFD1B8 /* UIViewController+NavigationTip.m */; };
		B1ADE8FE1F42D55700CFD1B8 /* Bus.podspec in Resources */ = {isa = PBXBuildFile; fileRef = B1ADE8FD1F42D55700CFD1B8 /* Bus.podspec */; };
/* End PBXBuildFile section */

/* Begin PBXContainerItemProxy section */
		B1ADE8D31F42D43900CFD1B8 /* PBXContainerItemProxy */ = {
			isa = PBXContainerItemProxy;
			containerPortal = B1ADE8B11F42D43900CFD1B8 /* Project object */;
			proxyType = 1;
			remoteGlobalIDString = B1ADE8B81F42D43900CFD1B8;
			remoteInfo = Bus;
		};
		B1ADE8DE1F42D43A00CFD1B8 /* PBXContainerItemProxy */ = {
			isa = PBXContainerItemProxy;
			containerPortal = B1ADE8B11F42D43900CFD1B8 /* Project object */;
			proxyType = 1;
			remoteGlobalIDString = B1ADE8B81F42D43900CFD1B8;
			remoteInfo = Bus;
		};
/* End PBXContainerItemProxy section */

/* Begin PBXFileReference section */
		B1ADE8B91F42D43900CFD1B8 /* Bus.app */ = {isa = PBXFileReference; explicitFileType = wrapper.application; includeInIndex = 0; path = Bus.app; sourceTree = BUILT_PRODUCTS_DIR; };
		B1ADE8BD1F42D43900CFD1B8 /* main.m */ = {isa = PBXFileReference; lastKnownFileType = sourcecode.c.objc; path = main.m; sourceTree = "<group>"; };
		B1ADE8BF1F42D43900CFD1B8 /* AppDelegate.h */ = {isa = PBXFileReference; lastKnownFileType = sourcecode.c.h; path = AppDelegate.h; sourceTree = "<group>"; };
		B1ADE8C01F42D43900CFD1B8 /* AppDelegate.m */ = {isa = PBXFileReference; lastKnownFileType = sourcecode.c.objc; path = AppDelegate.m; sourceTree = "<group>"; };
		B1ADE8C21F42D43900CFD1B8 /* ViewController.h */ = {isa = PBXFileReference; lastKnownFileType = sourcecode.c.h; path = ViewController.h; sourceTree = "<group>"; };
		B1ADE8C31F42D43900CFD1B8 /* ViewController.m */ = {isa = PBXFileReference; lastKnownFileType = sourcecode.c.objc; path = ViewController.m; sourceTree = "<group>"; };
		B1ADE8C61F42D43900CFD1B8 /* Base */ = {isa = PBXFileReference; lastKnownFileType = file.storyboard; name = Base; path = Base.lproj/Main.storyboard; sourceTree = "<group>"; };
		B1ADE8C81F42D43900CFD1B8 /* Assets.xcassets */ = {isa = PBXFileReference; lastKnownFileType = folder.assetcatalog; path = Assets.xcassets; sourceTree = "<group>"; };
		B1ADE8CB1F42D43900CFD1B8 /* Base */ = {isa = PBXFileReference; lastKnownFileType = file.storyboard; name = Base; path = Base.lproj/LaunchScreen.storyboard; sourceTree = "<group>"; };
		B1ADE8CD1F42D43900CFD1B8 /* Info.plist */ = {isa = PBXFileReference; lastKnownFileType = text.plist.xml; path = Info.plist; sourceTree = "<group>"; };
		B1ADE8D21F42D43900CFD1B8 /* BusTests.xctest */ = {isa = PBXFileReference; explicitFileType = wrapper.cfbundle; includeInIndex = 0; path = BusTests.xctest; sourceTree = BUILT_PRODUCTS_DIR; };
		B1ADE8D61F42D43900CFD1B8 /* BusTests.m */ = {isa = PBXFileReference; lastKnownFileType = sourcecode.c.objc; path = BusTests.m; sourceTree = "<group>"; };
		B1ADE8D81F42D43900CFD1B8 /* Info.plist */ = {isa = PBXFileReference; lastKnownFileType = text.plist.xml; path = Info.plist; sourceTree = "<group>"; };
		B1ADE8DD1F42D43A00CFD1B8 /* BusUITests.xctest */ = {isa = PBXFileReference; explicitFileType = wrapper.cfbundle; includeInIndex = 0; path = BusUITests.xctest; sourceTree = BUILT_PRODUCTS_DIR; };
		B1ADE8E11F42D43A00CFD1B8 /* BusUITests.m */ = {isa = PBXFileReference; lastKnownFileType = sourcecode.c.objc; path = BusUITests.m; sourceTree = "<group>"; };
		B1ADE8E31F42D43A00CFD1B8 /* Info.plist */ = {isa = PBXFileReference; lastKnownFileType = text.plist.xml; path = Info.plist; sourceTree = "<group>"; };
		B1ADE8F01F42D52E00CFD1B8 /* LDBusConnectorPrt.h */ = {isa = PBXFileReference; fileEncoding = 4; lastKnownFileType = sourcecode.c.h; path = LDBusConnectorPrt.h; sourceTree = "<group>"; };
		B1ADE8F11F42D52E00CFD1B8 /* LDBusMediator.h */ = {isa = PBXFileReference; fileEncoding = 4; lastKnownFileType = sourcecode.c.h; path = LDBusMediator.h; sourceTree = "<group>"; };
		B1ADE8F21F42D52E00CFD1B8 /* LDBusMediator.m */ = {isa = PBXFileReference; fileEncoding = 4; lastKnownFileType = sourcecode.c.objc; path = LDBusMediator.m; sourceTree = "<group>"; };
		B1ADE8F31F42D52E00CFD1B8 /* LDBusMediatorTipViewController.h */ = {isa = PBXFileReference; fileEncoding = 4; lastKnownFileType = sourcecode.c.h; path = LDBusMediatorTipViewController.h; sourceTree = "<group>"; };
		B1ADE8F41F42D52E00CFD1B8 /* LDBusMediatorTipViewController.m */ = {isa = PBXFileReference; fileEncoding = 4; lastKnownFileType = sourcecode.c.objc; path = LDBusMediatorTipViewController.m; sourceTree = "<group>"; };
		B1ADE8F51F42D52E00CFD1B8 /* LDBusNavigator.h */ = {isa = PBXFileReference; fileEncoding = 4; lastKnownFileType = sourcecode.c.h; path = LDBusNavigator.h; sourceTree = "<group>"; };
		B1ADE8F61F42D52E00CFD1B8 /* LDBusNavigator.m */ = {isa = PBXFileReference; fileEncoding = 4; lastKnownFileType = sourcecode.c.objc; path = LDBusNavigator.m; sourceTree = "<group>"; };
		B1ADE8F71F42D52E00CFD1B8 /* UIViewController+NavigationTip.h */ = {isa = PBXFileReference; fileEncoding = 4; lastKnownFileType = sourcecode.c.h; path = "UIViewController+NavigationTip.h"; sourceTree = "<group>"; };
		B1ADE8F81F42D52E00CFD1B8 /* UIViewController+NavigationTip.m */ = {isa = PBXFileReference; fileEncoding = 4; lastKnownFileType = sourcecode.c.objc; path = "UIViewController+NavigationTip.m"; sourceTree = "<group>"; };
		B1ADE8FD1F42D55700CFD1B8 /* Bus.podspec */ = {isa = PBXFileReference; fileEncoding = 4; lastKnownFileType = text; path = Bus.podspec; sourceTree = SOURCE_ROOT; };
/* End PBXFileReference section */

/* Begin PBXFrameworksBuildPhase section */
		B1ADE8B61F42D43900CFD1B8 /* Frameworks */ = {
			isa = PBXFrameworksBuildPhase;
			buildActionMask = 2147483647;
			files = (
			);
			runOnlyForDeploymentPostprocessing = 0;
		};
		B1ADE8CF1F42D43900CFD1B8 /* Frameworks */ = {
			isa = PBXFrameworksBuildPhase;
			buildActionMask = 2147483647;
			files = (
			);
			runOnlyForDeploymentPostprocessing = 0;
		};
		B1ADE8DA1F42D43900CFD1B8 /* Frameworks */ = {
			isa = PBXFrameworksBuildPhase;
			buildActionMask = 2147483647;
			files = (
			);
			runOnlyForDeploymentPostprocessing = 0;
		};
/* End PBXFrameworksBuildPhase section */

/* Begin PBXGroup section */
		B1ADE8B01F42D43900CFD1B8 = {
			isa = PBXGroup;
			children = (
				B1ADE8BB1F42D43900CFD1B8 /* Bus */,
				B1ADE8D51F42D43900CFD1B8 /* BusTests */,
				B1ADE8E01F42D43A00CFD1B8 /* BusUITests */,
				B1ADE8BA1F42D43900CFD1B8 /* Products */,
			);
			sourceTree = "<group>";
		};
		B1ADE8BA1F42D43900CFD1B8 /* Products */ = {
			isa = PBXGroup;
			children = (
				B1ADE8B91F42D43900CFD1B8 /* Bus.app */,
				B1ADE8D21F42D43900CFD1B8 /* BusTests.xctest */,
				B1ADE8DD1F42D43A00CFD1B8 /* BusUITests.xctest */,
			);
			name = Products;
			sourceTree = "<group>";
		};
		B1ADE8BB1F42D43900CFD1B8 /* Bus */ = {
			isa = PBXGroup;
			children = (
				B1ADE8EF1F42D52E00CFD1B8 /* LDBusMediator */,
				B1ADE8BF1F42D43900CFD1B8 /* AppDelegate.h */,
				B1ADE8C01F42D43900CFD1B8 /* AppDelegate.m */,
				B1ADE8C21F42D43900CFD1B8 /* ViewController.h */,
				B1ADE8C31F42D43900CFD1B8 /* ViewController.m */,
				B1ADE8FD1F42D55700CFD1B8 /* Bus.podspec */,
				B1ADE8C51F42D43900CFD1B8 /* Main.storyboard */,
				B1ADE8C81F42D43900CFD1B8 /* Assets.xcassets */,
				B1ADE8CA1F42D43900CFD1B8 /* LaunchScreen.storyboard */,
				B1ADE8CD1F42D43900CFD1B8 /* Info.plist */,
				B1ADE8BC1F42D43900CFD1B8 /* Supporting Files */,
			);
			path = Bus;
			sourceTree = "<group>";
		};
		B1ADE8BC1F42D43900CFD1B8 /* Supporting Files */ = {
			isa = PBXGroup;
			children = (
				B1ADE8BD1F42D43900CFD1B8 /* main.m */,
			);
			name = "Supporting Files";
			sourceTree = "<group>";
		};
		B1ADE8D51F42D43900CFD1B8 /* BusTests */ = {
			isa = PBXGroup;
			children = (
				B1ADE8D61F42D43900CFD1B8 /* BusTests.m */,
				B1ADE8D81F42D43900CFD1B8 /* Info.plist */,
			);
			path = BusTests;
			sourceTree = "<group>";
		};
		B1ADE8E01F42D43A00CFD1B8 /* BusUITests */ = {
			isa = PBXGroup;
			children = (
				B1ADE8E11F42D43A00CFD1B8 /* BusUITests.m */,
				B1ADE8E31F42D43A00CFD1B8 /* Info.plist */,
			);
			path = BusUITests;
			sourceTree = "<group>";
		};
		B1ADE8EF1F42D52E00CFD1B8 /* LDBusMediator */ = {
			isa = PBXGroup;
			children = (
				B1ADE8F01F42D52E00CFD1B8 /* LDBusConnectorPrt.h */,
				B1ADE8F11F42D52E00CFD1B8 /* LDBusMediator.h */,
				B1ADE8F21F42D52E00CFD1B8 /* LDBusMediator.m */,
				B1ADE8F31F42D52E00CFD1B8 /* LDBusMediatorTipViewController.h */,
				B1ADE8F41F42D52E00CFD1B8 /* LDBusMediatorTipViewController.m */,
				B1ADE8F51F42D52E00CFD1B8 /* LDBusNavigator.h */,
				B1ADE8F61F42D52E00CFD1B8 /* LDBusNavigator.m */,
				B1ADE8F71F42D52E00CFD1B8 /* UIViewController+NavigationTip.h */,
				B1ADE8F81F42D52E00CFD1B8 /* UIViewController+NavigationTip.m */,
			);
			name = LDBusMediator;
			path = Bus/LDBusMediator;
			sourceTree = "<group>";
		};
/* End PBXGroup section */

/* Begin PBXNativeTarget section */
		B1ADE8B81F42D43900CFD1B8 /* Bus */ = {
			isa = PBXNativeTarget;
			buildConfigurationList = B1ADE8E61F42D43A00CFD1B8 /* Build configuration list for PBXNativeTarget "Bus" */;
			buildPhases = (
				B1ADE8B51F42D43900CFD1B8 /* Sources */,
				B1ADE8B61F42D43900CFD1B8 /* Frameworks */,
				B1ADE8B71F42D43900CFD1B8 /* Resources */,
			);
			buildRules = (
			);
			dependencies = (
			);
			name = Bus;
			productName = Bus;
			productReference = B1ADE8B91F42D43900CFD1B8 /* Bus.app */;
			productType = "com.apple.product-type.application";
		};
		B1ADE8D11F42D43900CFD1B8 /* BusTests */ = {
			isa = PBXNativeTarget;
			buildConfigurationList = B1ADE8E91F42D43A00CFD1B8 /* Build configuration list for PBXNativeTarget "BusTests" */;
			buildPhases = (
				B1ADE8CE1F42D43900CFD1B8 /* Sources */,
				B1ADE8CF1F42D43900CFD1B8 /* Frameworks */,
				B1ADE8D01F42D43900CFD1B8 /* Resources */,
			);
			buildRules = (
			);
			dependencies = (
				B1ADE8D41F42D43900CFD1B8 /* PBXTargetDependency */,
			);
			name = BusTests;
			productName = BusTests;
			productReference = B1ADE8D21F42D43900CFD1B8 /* BusTests.xctest */;
			productType = "com.apple.product-type.bundle.unit-test";
		};
		B1ADE8DC1F42D43900CFD1B8 /* BusUITests */ = {
			isa = PBXNativeTarget;
			buildConfigurationList = B1ADE8EC1F42D43A00CFD1B8 /* Build configuration list for PBXNativeTarget "BusUITests" */;
			buildPhases = (
				B1ADE8D91F42D43900CFD1B8 /* Sources */,
				B1ADE8DA1F42D43900CFD1B8 /* Frameworks */,
				B1ADE8DB1F42D43900CFD1B8 /* Resources */,
			);
			buildRules = (
			);
			dependencies = (
				B1ADE8DF1F42D43A00CFD1B8 /* PBXTargetDependency */,
			);
			name = BusUITests;
			productName = BusUITests;
			productReference = B1ADE8DD1F42D43A00CFD1B8 /* BusUITests.xctest */;
			productType = "com.apple.product-type.bundle.ui-testing";
		};
/* End PBXNativeTarget section */

/* Begin PBXProject section */
		B1ADE8B11F42D43900CFD1B8 /* Project object */ = {
			isa = PBXProject;
			attributes = {
				LastUpgradeCheck = 0830;
				ORGANIZATIONNAME = "安昌";
				TargetAttributes = {
					B1ADE8B81F42D43900CFD1B8 = {
						CreatedOnToolsVersion = 8.3.3;
						ProvisioningStyle = Automatic;
					};
					B1ADE8D11F42D43900CFD1B8 = {
						CreatedOnToolsVersion = 8.3.3;
						ProvisioningStyle = Automatic;
						TestTargetID = B1ADE8B81F42D43900CFD1B8;
					};
					B1ADE8DC1F42D43900CFD1B8 = {
						CreatedOnToolsVersion = 8.3.3;
						ProvisioningStyle = Automatic;
						TestTargetID = B1ADE8B81F42D43900CFD1B8;
					};
				};
			};
			buildConfigurationList = B1ADE8B41F42D43900CFD1B8 /* Build configuration list for PBXProject "Bus" */;
			compatibilityVersion = "Xcode 3.2";
			developmentRegion = English;
			hasScannedForEncodings = 0;
			knownRegions = (
				en,
				Base,
			);
			mainGroup = B1ADE8B01F42D43900CFD1B8;
			productRefGroup = B1ADE8BA1F42D43900CFD1B8 /* Products */;
			projectDirPath = "";
			projectRoot = "";
			targets = (
				B1ADE8B81F42D43900CFD1B8 /* Bus */,
				B1ADE8D11F42D43900CFD1B8 /* BusTests */,
				B1ADE8DC1F42D43900CFD1B8 /* BusUITests */,
			);
		};
/* End PBXProject section */

/* Begin PBXResourcesBuildPhase section */
		B1ADE8B71F42D43900CFD1B8 /* Resources */ = {
			isa = PBXResourcesBuildPhase;
			buildActionMask = 2147483647;
			files = (
				B1ADE8CC1F42D43900CFD1B8 /* LaunchScreen.storyboard in Resources */,
				B1ADE8FE1F42D55700CFD1B8 /* Bus.podspec in Resources */,
				B1ADE8C91F42D43900CFD1B8 /* Assets.xcassets in Resources */,
				B1ADE8C71F42D43900CFD1B8 /* Main.storyboard in Resources */,
			);
			runOnlyForDeploymentPostprocessing = 0;
		};
		B1ADE8D01F42D43900CFD1B8 /* Resources */ = {
			isa = PBXResourcesBuildPhase;
			buildActionMask = 2147483647;
			files = (
			);
			runOnlyForDeploymentPostprocessing = 0;
		};
		B1ADE8DB1F42D43900CFD1B8 /* Resources */ = {
			isa = PBXResourcesBuildPhase;
			buildActionMask = 2147483647;
			files = (
			);
			runOnlyForDeploymentPostprocessing = 0;
		};
/* End PBXResourcesBuildPhase section */

/* Begin PBXSourcesBuildPhase section */
		B1ADE8B51F42D43900CFD1B8 /* Sources */ = {
			isa = PBXSourcesBuildPhase;
			buildActionMask = 2147483647;
			files = (
				B1ADE8FA1F42D52E00CFD1B8 /* LDBusMediatorTipViewController.m in Sources */,
				B1ADE8C41F42D43900CFD1B8 /* ViewController.m in Sources */,
				B1ADE8FB1F42D52E00CFD1B8 /* LDBusNavigator.m in Sources */,
				B1ADE8F91F42D52E00CFD1B8 /* LDBusMediator.m in Sources */,
				B1ADE8C11F42D43900CFD1B8 /* AppDelegate.m in Sources */,
				B1ADE8FC1F42D52E00CFD1B8 /* UIViewController+NavigationTip.m in Sources */,
				B1ADE8BE1F42D43900CFD1B8 /* main.m in Sources */,
			);
			runOnlyForDeploymentPostprocessing = 0;
		};
		B1ADE8CE1F42D43900CFD1B8 /* Sources */ = {
			isa = PBXSourcesBuildPhase;
			buildActionMask = 2147483647;
			files = (
				B1ADE8D71F42D43900CFD1B8 /* BusTests.m in Sources */,
			);
			runOnlyForDeploymentPostprocessing = 0;
		};
		B1ADE8D91F42D43900CFD1B8 /* Sources */ = {
			isa = PBXSourcesBuildPhase;
			buildActionMask = 2147483647;
			files = (
				B1ADE8E21F42D43A00CFD1B8 /* BusUITests.m in Sources */,
			);
			runOnlyForDeploymentPostprocessing = 0;
		};
/* End PBXSourcesBuildPhase section */

/* Begin PBXTargetDependency section */
		B1ADE8D41F42D43900CFD1B8 /* PBXTargetDependency */ = {
			isa = PBXTargetDependency;
			target = B1ADE8B81F42D43900CFD1B8 /* Bus */;
			targetProxy = B1ADE8D31F42D43900CFD1B8 /* PBXContainerItemProxy */;
		};
		B1ADE8DF1F42D43A00CFD1B8 /* PBXTargetDependency */ = {
			isa = PBXTargetDependency;
			target = B1ADE8B81F42D43900CFD1B8 /* Bus */;
			targetProxy = B1ADE8DE1F42D43A00CFD1B8 /* PBXContainerItemProxy */;
		};
/* End PBXTargetDependency section */

/* Begin PBXVariantGroup section */
		B1ADE8C51F42D43900CFD1B8 /* Main.storyboard */ = {
			isa = PBXVariantGroup;
			children = (
				B1ADE8C61F42D43900CFD1B8 /* Base */,
			);
			name = Main.storyboard;
			sourceTree = "<group>";
		};
		B1ADE8CA1F42D43900CFD1B8 /* LaunchScreen.storyboard */ = {
			isa = PBXVariantGroup;
			children = (
				B1ADE8CB1F42D43900CFD1B8 /* Base */,
			);
			name = LaunchScreen.storyboard;
			sourceTree = "<group>";
		};
/* End PBXVariantGroup section */

/* Begin XCBuildConfiguration section */
		B1ADE8E41F42D43A00CFD1B8 /* Debug */ = {
			isa = XCBuildConfiguration;
			buildSettings = {
				ALWAYS_SEARCH_USER_PATHS = NO;
				CLANG_ANALYZER_NONNULL = YES;
				CLANG_ANALYZER_NUMBER_OBJECT_CONVERSION = YES_AGGRESSIVE;
				CLANG_CXX_LANGUAGE_STANDARD = "gnu++0x";
				CLANG_CXX_LIBRARY = "libc++";
				CLANG_ENABLE_MODULES = YES;
				CLANG_ENABLE_OBJC_ARC = YES;
				CLANG_WARN_BOOL_CONVERSION = YES;
				CLANG_WARN_CONSTANT_CONVERSION = YES;
				CLANG_WARN_DIRECT_OBJC_ISA_USAGE = YES_ERROR;
				CLANG_WARN_DOCUMENTATION_COMMENTS = YES;
				CLANG_WARN_EMPTY_BODY = YES;
				CLANG_WARN_ENUM_CONVERSION = YES;
				CLANG_WARN_INFINITE_RECURSION = YES;
				CLANG_WARN_INT_CONVERSION = YES;
				CLANG_WARN_OBJC_ROOT_CLASS = YES_ERROR;
				CLANG_WARN_SUSPICIOUS_MOVE = YES;
				CLANG_WARN_UNREACHABLE_CODE = YES;
				CLANG_WARN__DUPLICATE_METHOD_MATCH = YES;
				"CODE_SIGN_IDENTITY[sdk=iphoneos*]" = "iPhone Developer";
				COPY_PHASE_STRIP = NO;
				DEBUG_INFORMATION_FORMAT = dwarf;
				ENABLE_STRICT_OBJC_MSGSEND = YES;
				ENABLE_TESTABILITY = YES;
				GCC_C_LANGUAGE_STANDARD = gnu99;
				GCC_DYNAMIC_NO_PIC = NO;
				GCC_NO_COMMON_BLOCKS = YES;
				GCC_OPTIMIZATION_LEVEL = 0;
				GCC_PREPROCESSOR_DEFINITIONS = (
					"DEBUG=1",
					"$(inherited)",
				);
				GCC_WARN_64_TO_32_BIT_CONVERSION = YES;
				GCC_WARN_ABOUT_RETURN_TYPE = YES_ERROR;
				GCC_WARN_UNDECLARED_SELECTOR = YES;
				GCC_WARN_UNINITIALIZED_AUTOS = YES_AGGRESSIVE;
				GCC_WARN_UNUSED_FUNCTION = YES;
				GCC_WARN_UNUSED_VARIABLE = YES;
				IPHONEOS_DEPLOYMENT_TARGET = 10.3;
				MTL_ENABLE_DEBUG_INFO = YES;
				ONLY_ACTIVE_ARCH = YES;
				SDKROOT = iphoneos;
				TARGETED_DEVICE_FAMILY = "1,2";
			};
			name = Debug;
		};
		B1ADE8E51F42D43A00CFD1B8 /* Release */ = {
			isa = XCBuildConfiguration;
			buildSettings = {
				ALWAYS_SEARCH_USER_PATHS = NO;
				CLANG_ANALYZER_NONNULL = YES;
				CLANG_ANALYZER_NUMBER_OBJECT_CONVERSION = YES_AGGRESSIVE;
				CLANG_CXX_LANGUAGE_STANDARD = "gnu++0x";
				CLANG_CXX_LIBRARY = "libc++";
				CLANG_ENABLE_MODULES = YES;
				CLANG_ENABLE_OBJC_ARC = YES;
				CLANG_WARN_BOOL_CONVERSION = YES;
				CLANG_WARN_CONSTANT_CONVERSION = YES;
				CLANG_WARN_DIRECT_OBJC_ISA_USAGE = YES_ERROR;
				CLANG_WARN_DOCUMENTATION_COMMENTS = YES;
				CLANG_WARN_EMPTY_BODY = YES;
				CLANG_WARN_ENUM_CONVERSION = YES;
				CLANG_WARN_INFINITE_RECURSION = YES;
				CLANG_WARN_INT_CONVERSION = YES;
				CLANG_WARN_OBJC_ROOT_CLASS = YES_ERROR;
				CLANG_WARN_SUSPICIOUS_MOVE = YES;
				CLANG_WARN_UNREACHABLE_CODE = YES;
				CLANG_WARN__DUPLICATE_METHOD_MATCH = YES;
				"CODE_SIGN_IDENTITY[sdk=iphoneos*]" = "iPhone Developer";
				COPY_PHASE_STRIP = NO;
				DEBUG_INFORMATION_FORMAT = "dwarf-with-dsym";
				ENABLE_NS_ASSERTIONS = NO;
				ENABLE_STRICT_OBJC_MSGSEND = YES;
				GCC_C_LANGUAGE_STANDARD = gnu99;
				GCC_NO_COMMON_BLOCKS = YES;
				GCC_WARN_64_TO_32_BIT_CONVERSION = YES;
				GCC_WARN_ABOUT_RETURN_TYPE = YES_ERROR;
				GCC_WARN_UNDECLARED_SELECTOR = YES;
				GCC_WARN_UNINITIALIZED_AUTOS = YES_AGGRESSIVE;
				GCC_WARN_UNUSED_FUNCTION = YES;
				GCC_WARN_UNUSED_VARIABLE = YES;
				IPHONEOS_DEPLOYMENT_TARGET = 10.3;
				MTL_ENABLE_DEBUG_INFO = NO;
				SDKROOT = iphoneos;
				TARGETED_DEVICE_FAMILY = "1,2";
				VALIDATE_PRODUCT = YES;
			};
			name = Release;
		};
		B1ADE8E71F42D43A00CFD1B8 /* Debug */ = {
			isa = XCBuildConfiguration;
			buildSettings = {
				ASSETCATALOG_COMPILER_APPICON_NAME = AppIcon;
				INFOPLIST_FILE = Bus/Info.plist;
				LD_RUNPATH_SEARCH_PATHS = "$(inherited) @executable_path/Frameworks";
				PRODUCT_BUNDLE_IDENTIFIER = ddd.Bus;
				PRODUCT_NAME = "$(TARGET_NAME)";
			};
			name = Debug;
		};
		B1ADE8E81F42D43A00CFD1B8 /* Release */ = {
			isa = XCBuildConfiguration;
			buildSettings = {
				ASSETCATALOG_COMPILER_APPICON_NAME = AppIcon;
				INFOPLIST_FILE = Bus/Info.plist;
				LD_RUNPATH_SEARCH_PATHS = "$(inherited) @executable_path/Frameworks";
				PRODUCT_BUNDLE_IDENTIFIER = ddd.Bus;
				PRODUCT_NAME = "$(TARGET_NAME)";
			};
			name = Release;
		};
		B1ADE8EA1F42D43A00CFD1B8 /* Debug */ = {
			isa = XCBuildConfiguration;
			buildSettings = {
				BUNDLE_LOADER = "$(TEST_HOST)";
				INFOPLIST_FILE = BusTests/Info.plist;
				LD_RUNPATH_SEARCH_PATHS = "$(inherited) @executable_path/Frameworks @loader_path/Frameworks";
				PRODUCT_BUNDLE_IDENTIFIER = ddd.BusTests;
				PRODUCT_NAME = "$(TARGET_NAME)";
				TEST_HOST = "$(BUILT_PRODUCTS_DIR)/Bus.app/Bus";
			};
			name = Debug;
		};
		B1ADE8EB1F42D43A00CFD1B8 /* Release */ = {
			isa = XCBuildConfiguration;
			buildSettings = {
				BUNDLE_LOADER = "$(TEST_HOST)";
				INFOPLIST_FILE = BusTests/Info.plist;
				LD_RUNPATH_SEARCH_PATHS = "$(inherited) @executable_path/Frameworks @loader_path/Frameworks";
				PRODUCT_BUNDLE_IDENTIFIER = ddd.BusTests;
				PRODUCT_NAME = "$(TARGET_NAME)";
				TEST_HOST = "$(BUILT_PRODUCTS_DIR)/Bus.app/Bus";
			};
			name = Release;
		};
		B1ADE8ED1F42D43A00CFD1B8 /* Debug */ = {
			isa = XCBuildConfiguration;
			buildSettings = {
				INFOPLIST_FILE = BusUITests/Info.plist;
				LD_RUNPATH_SEARCH_PATHS = "$(inherited) @executable_path/Frameworks @loader_path/Frameworks";
				PRODUCT_BUNDLE_IDENTIFIER = ddd.BusUITests;
				PRODUCT_NAME = "$(TARGET_NAME)";
				TEST_TARGET_NAME = Bus;
			};
			name = Debug;
		};
		B1ADE8EE1F42D43A00CFD1B8 /* Release */ = {
			isa = XCBuildConfiguration;
			buildSettings = {
				INFOPLIST_FILE = BusUITests/Info.plist;
				LD_RUNPATH_SEARCH_PATHS = "$(inherited) @executable_path/Frameworks @loader_path/Frameworks";
				PRODUCT_BUNDLE_IDENTIFIER = ddd.BusUITests;
				PRODUCT_NAME = "$(TARGET_NAME)";
				TEST_TARGET_NAME = Bus;
			};
			name = Release;
		};
/* End XCBuildConfiguration section */

/* Begin XCConfigurationList section */
		B1ADE8B41F42D43900CFD1B8 /* Build configuration list for PBXProject "Bus" */ = {
			isa = XCConfigurationList;
			buildConfigurations = (
				B1ADE8E41F42D43A00CFD1B8 /* Debug */,
				B1ADE8E51F42D43A00CFD1B8 /* Release */,
			);
			defaultConfigurationIsVisible = 0;
			defaultConfigurationName = Release;
		};
		B1ADE8E61F42D43A00CFD1B8 /* Build configuration list for PBXNativeTarget "Bus" */ = {
			isa = XCConfigurationList;
			buildConfigurations = (
				B1ADE8E71F42D43A00CFD1B8 /* Debug */,
				B1ADE8E81F42D43A00CFD1B8 /* Release */,
			);
			defaultConfigurationIsVisible = 0;
		};
		B1ADE8E91F42D43A00CFD1B8 /* Build configuration list for PBXNativeTarget "BusTests" */ = {
			isa = XCConfigurationList;
			buildConfigurations = (
				B1ADE8EA1F42D43A00CFD1B8 /* Debug */,
				B1ADE8EB1F42D43A00CFD1B8 /* Release */,
			);
			defaultConfigurationIsVisible = 0;
		};
		B1ADE8EC1F42D43A00CFD1B8 /* Build configuration list for PBXNativeTarget "BusUITests" */ = {
			isa = XCConfigurationList;
			buildConfigurations = (
				B1ADE8ED1F42D43A00CFD1B8 /* Debug */,
				B1ADE8EE1F42D43A00CFD1B8 /* Release */,
			);
			defaultConfigurationIsVisible = 0;
		};
/* End XCConfigurationList section */
	};
	rootObject = B1ADE8B11F42D43900CFD1B8 /* Project object */;
}
